
Microsoft Visual Studio Solution File, Format Version 12.00
# Visual Studio Version 17
VisualStudioVersion = 17.8.34330.188
MinimumVisualStudioVersion = 10.0.40219.1
Project("{FAE04EC0-301F-11D3-BF4B-00C04F79EFBC}") = "MVC_Project.PL", "MVC_Project.PL\MVC_Project.PL.csproj", "{A6AD63B7-821F-4EC6-9CD7-7F4405DA4875}"
EndProject
Project("{FAE04EC0-301F-11D3-BF4B-00C04F79EFBC}") = "MVC_Project.DAL", "MVC_Project.DAL\MVC_Project.DAL.csproj", "{D0273A01-9CFF-4D2B-99DC-32C1E26B3025}"
EndProject
Project("{FAE04EC0-301F-11D3-BF4B-00C04F79EFBC}") = "MVC_Project.BLL", "MVC_Project.BLL\MVC_Project.BLL.csproj", "{730754AF-B336-416F-A251-CB4FA92E9A7B}"
EndProject
Global
	GlobalSection(SolutionConfigurationPlatforms) = preSolution
		Debug|Any CPU = Debug|Any CPU
		Release|Any CPU = Release|Any CPU
	EndGlobalSection
	GlobalSection(ProjectConfigurationPlatforms) = postSolution
		{A6AD63B7-821F-4EC6-9CD7-7F4405DA4875}.Debug|Any CPU.ActiveCfg = Debug|Any CPU
		{A6AD63B7-821F-4EC6-9CD7-7F4405DA4875}.Debug|Any CPU.Build.0 = Debug|Any CPU
		{A6AD63B7-821F-4EC6-9CD7-7F4405DA4875}.Release|Any CPU.ActiveCfg = Release|Any CPU
		{A6AD63B7-821F-4EC6-9CD7-7F4405DA4875}.Release|Any CPU.Build.0 = Release|Any CPU
		{D0273A01-9CFF-4D2B-99DC-32C1E26B3025}.Debug|Any CPU.ActiveCfg = Debug|Any CPU
		{D0273A01-9CFF-4D2B-99DC-32C1E26B3025}.Debug|Any CPU.Build.0 = Debug|Any CPU
		{D0273A01-9CFF-4D2B-99DC-32C1E26B3025}.Release|Any CPU.ActiveCfg = Release|Any CPU
		{D0273A01-9CFF-4D2B-99DC-32C1E26B3025}.Release|Any CPU.Build.0 = Release|Any CPU
		{730754AF-B336-416F-A251-CB4FA92E9A7B}.Debug|Any CPU.ActiveCfg = Debug|Any CPU
		{730754AF-B336-416F-A251-CB4FA92E9A7B}.Debug|Any CPU.Build.0 = Debug|Any CPU
		{730754AF-B336-416F-A251-CB4FA92E9A7B}.Release|Any CPU.ActiveCfg = Release|Any CPU
		{730754AF-B336-416F-A251-CB4FA92E9A7B}.Release|Any CPU.Build.0 = Release|Any CPU
	EndGlobalSection
	GlobalSection(SolutionProperties) = preSolution
		HideSolutionNode = FALSE
	EndGlobalSection
	GlobalSection(ExtensibilityGlobals) = postSolution
		SolutionGuid = {7800F543-D921-440F-A346-EE0D0F450A0E}
	EndGlobalSection
EndGlobal
